
Microsoft Visual Studio Solution File, Format Version 12.00
# Visual Studio Version 17
VisualStudioVersion = 17.7.34031.279
MinimumVisualStudioVersion = 10.0.40219.1
Project("{9A19103F-16F7-4668-BE54-9A1E7A4F7556}") = "BlazorFrontEnd", "BlazorFrontEnd.csproj", "{BA5619D9-6962-46D7-BC4A-8D80E3147794}"
EndProject
Project("{FAE04EC0-301F-11D3-BF4B-00C04F79EFBC}") = "BlazorFrontEnd.Calculator", "..\BlazorFrontEnd.Calculator\BlazorFrontEnd.Calculator.csproj", "{99879A62-3303-4D76-990E-D07B72A84BC8}"
EndProject
Global
	GlobalSection(SolutionConfigurationPlatforms) = preSolution
		Debug|Any CPU = Debug|Any CPU
		Release|Any CPU = Release|Any CPU
	EndGlobalSection
	GlobalSection(ProjectConfigurationPlatforms) = postSolution
		{BA5619D9-6962-46D7-BC4A-8D80E3147794}.Debug|Any CPU.ActiveCfg = Debug|Any CPU
		{BA5619D9-6962-46D7-BC4A-8D80E3147794}.Debug|Any CPU.Build.0 = Debug|Any CPU
		{BA5619D9-6962-46D7-BC4A-8D80E3147794}.Release|Any CPU.ActiveCfg = Release|Any CPU
		{BA5619D9-6962-46D7-BC4A-8D80E3147794}.Release|Any CPU.Build.0 = Release|Any CPU
		{99879A62-3303-4D76-990E-D07B72A84BC8}.Debug|Any CPU.ActiveCfg = Debug|Any CPU
		{99879A62-3303-4D76-990E-D07B72A84BC8}.Debug|Any CPU.Build.0 = Debug|Any CPU
		{99879A62-3303-4D76-990E-D07B72A84BC8}.Release|Any CPU.ActiveCfg = Release|Any CPU
		{99879A62-3303-4D76-990E-D07B72A84BC8}.Release|Any CPU.Build.0 = Release|Any CPU
	EndGlobalSection
	GlobalSection(SolutionProperties) = preSolution
		HideSolutionNode = FALSE
	EndGlobalSection
	GlobalSection(ExtensibilityGlobals) = postSolution
		SolutionGuid = {28EAD4C2-93A9-453B-90C3-2E3BC961455A}
	EndGlobalSection
EndGlobal
